
Microsoft Visual Studio Solution File, Format Version 12.00
# Visual Studio Version 17
VisualStudioVersion = 17.9.34728.123
MinimumVisualStudioVersion = 10.0.40219.1
Project("{FAE04EC0-301F-11D3-BF4B-00C04F79EFBC}") = "WebASPDotNet", "WebASPDotNet\WebASPDotNet.csproj", "{BD5320C4-5AA6-4EA0-85E9-F8701BC422C1}"
EndProject
Global
	GlobalSection(SolutionConfigurationPlatforms) = preSolution
		Debug|Any CPU = Debug|Any CPU
		Release|Any CPU = Release|Any CPU
	EndGlobalSection
	GlobalSection(ProjectConfigurationPlatforms) = postSolution
		{BD5320C4-5AA6-4EA0-85E9-F8701BC422C1}.Debug|Any CPU.ActiveCfg = Debug|Any CPU
		{BD5320C4-5AA6-4EA0-85E9-F8701BC422C1}.Debug|Any CPU.Build.0 = Debug|Any CPU
		{BD5320C4-5AA6-4EA0-85E9-F8701BC422C1}.Release|Any CPU.ActiveCfg = Release|Any CPU
		{BD5320C4-5AA6-4EA0-85E9-F8701BC422C1}.Release|Any CPU.Build.0 = Release|Any CPU
	EndGlobalSection
	GlobalSection(SolutionProperties) = preSolution
		HideSolutionNode = FALSE
	EndGlobalSection
	GlobalSection(ExtensibilityGlobals) = postSolution
		SolutionGuid = {9B2930DE-34A7-47FA-8FB3-9AE84DBCEFE9}
	EndGlobalSection
EndGlobal
